<?xml version="1.0" encoding="utf-8"?>
<Project ToolsVersion="4.0" xmlns="http://schemas.microsoft.com/developer/msbuild/2003">
  <ItemGroup>
    <Filter Include="Source Files">
      <UniqueIdentifier>{4FC737F1-C7A5-4376-A066-2A32D752A2FF}</UniqueIdentifier>
      <Extensions>cpp;c;cc;cxx;c++;cppm;ixx;def;odl;idl;hpj;bat;asm;asmx</Extensions>
    </Filter>
    <Filter Include="Header Files">
      <UniqueIdentifier>{93995380-89BD-4b04-88EB-625FBE52EBFB}</UniqueIdentifier>
      <Extensions>h;hh;hpp;hxx;h++;hm;inl;inc;ipp;xsd</Extensions>
    </Filter>
    <Filter Include="Resource Files">
      <UniqueIdentifier>{67DA6AB6-F800-4c08-8B7A-83BB121AAD01}</UniqueIdentifier>
      <Extensions>rc;ico;cur;bmp;dlg;rc2;rct;bin;rgs;gif;jpg;jpeg;jpe;resx;tiff;tif;png;wav;mfcribbon-ms</Extensions>
    </Filter>
  </ItemGroup>
  <ItemGroup>
    <ClCompile Include="MathExperimentation.cpp">
      <Filter>Source Files</Filter>
    </ClCompile>
    <ClCompile Include="ConsoleMenu.cpp">
      <Filter>Source Files</Filter>
    </ClCompile>
    <ClCompile Include="stdafx.cpp">
      <Filter>Source Files</Filter>
    </ClCompile>
    <ClCompile Include="ConsoleInfo.cpp">
      <Filter>Source Files</Filter>
    </ClCompile>
    <ClCompile Include="MathCommon.cpp">
      <Filter>Source Files</Filter>
    </ClCompile>
    <ClCompile Include="RNG.cpp">
      <Filter>Source Files</Filter>
    </ClCompile>
    <ClCompile Include="MathPrint.cpp">
      <Filter>Source Files</Filter>
    </ClCompile>
    <ClCompile Include="WPWorker.cpp">
      <Filter>Source Files</Filter>
    </ClCompile>
    <ClCompile Include="WPScenario.cpp">
      <Filter>Source Files</Filter>
    </ClCompile>
    <ClCompile Include="WPCard.cpp">
      <Filter>Source Files</Filter>
    </ClCompile>
    <ClCompile Include="Stats.cpp">
      <Filter>Source Files</Filter>
    </ClCompile>
    <ClCompile Include="WPChallenge.cpp">
      <Filter>Source Files</Filter>
    </ClCompile>
    <ClCompile Include="WPExecutionResources.cpp">
      <Filter>Source Files</Filter>
    </ClCompile>
    <ClCompile Include="SmallestSquare.cpp">
      <Filter>Source Files</Filter>
    </ClCompile>
    <ClCompile Include="NamedVector2.cpp">
      <Filter>Source Files</Filter>
    </ClCompile>
    <ClCompile Include="SquareContainment.cpp">
      <Filter>Source Files</Filter>
    </ClCompile>
    <ClCompile Include="Math.cpp">
      <Filter>Source Files</Filter>
    </ClCompile>
    <ClCompile Include="SquareContainmentMenu.cpp">
      <Filter>Source Files</Filter>
    </ClCompile>
    <ClCompile Include="SquareContainmentGlobalData.cpp">
      <Filter>Source Files</Filter>
    </ClCompile>
    <ClCompile Include="SetRandomizer.cpp">
      <Filter>Source Files</Filter>
    </ClCompile>
    <ClCompile Include="SetRandomizerMenu.cpp">
      <Filter>Source Files</Filter>
    </ClCompile>
  </ItemGroup>
  <ItemGroup>
    <ClInclude Include="ConsoleInfo.h">
      <Filter>Source Files</Filter>
    </ClInclude>
    <ClInclude Include="ConsoleMenu.h">
      <Filter>Source Files</Filter>
    </ClInclude>
    <ClInclude Include="stdafx.h">
      <Filter>Source Files</Filter>
    </ClInclude>
    <ClInclude Include="MathCommon.h">
      <Filter>Header Files</Filter>
    </ClInclude>
    <ClInclude Include="RNG.h">
      <Filter>Header Files</Filter>
    </ClInclude>
    <ClInclude Include="MathPrint.h">
      <Filter>Header Files</Filter>
    </ClInclude>
    <ClInclude Include="WPWorker.h">
      <Filter>Header Files</Filter>
    </ClInclude>
    <ClInclude Include="WPScenario.h">
      <Filter>Header Files</Filter>
    </ClInclude>
    <ClInclude Include="WPCard.h">
      <Filter>Header Files</Filter>
    </ClInclude>
    <ClInclude Include="Stats.h">
      <Filter>Header Files</Filter>
    </ClInclude>
    <ClInclude Include="WPChallenge.h">
      <Filter>Header Files</Filter>
    </ClInclude>
    <ClInclude Include="WPExecutionResources.h">
      <Filter>Header Files</Filter>
    </ClInclude>
    <ClInclude Include="SmallestSquare.h">
      <Filter>Header Files</Filter>
    </ClInclude>
    <ClInclude Include="NamedVector2.h">
      <Filter>Header Files</Filter>
    </ClInclude>
    <ClInclude Include="SquareContainment.h">
      <Filter>Header Files</Filter>
    </ClInclude>
    <ClInclude Include="Math.h">
      <Filter>Header Files</Filter>
    </ClInclude>
    <ClInclude Include="SquareContainmentMenu.h">
      <Filter>Header Files</Filter>
    </ClInclude>
    <ClInclude Include="SquareContainmentGlobalData.h">
      <Filter>Header Files</Filter>
    </ClInclude>
    <ClInclude Include="SetRandomizer.h">
      <Filter>Source Files</Filter>
    </ClInclude>
    <ClInclude Include="SetRandomizerMenu.h">
      <Filter>Header Files</Filter>
    </ClInclude>
  </ItemGroup>
</Project>